
Microsoft Visual Studio Solution File, Format Version 12.00
# Visual Studio Version 17
VisualStudioVersion = 17.0.31912.275
MinimumVisualStudioVersion = 10.0.40219.1
Project("{9A19103F-16F7-4668-BE54-9A1E7A4F7556}") = "CatalogueGQL.Server", "Server\CatalogueGQL.Server.csproj", "{296526FD-DD01-4B18-86F9-313464496943}"
EndProject
Project("{9A19103F-16F7-4668-BE54-9A1E7A4F7556}") = "CatalogueGQL.Client", "Client\CatalogueGQL.Client.csproj", "{AAF2A94C-C954-4A45-B295-C48E7EF3B181}"
EndProject
Project("{9A19103F-16F7-4668-BE54-9A1E7A4F7556}") = "CatalogueGQL.Shared", "Shared\CatalogueGQL.Shared.csproj", "{D7BF6472-2ACA-497A-B343-A5F58335E6EC}"
EndProject
Project("{2150E333-8FDC-42A3-9474-1A3956D46DE8}") = "Db", "Db", "{A4094ED1-C9AC-4F8B-A0EF-43F9963505A1}"
EndProject
Global
	GlobalSection(SolutionConfigurationPlatforms) = preSolution
		Debug|Any CPU = Debug|Any CPU
		Release|Any CPU = Release|Any CPU
	EndGlobalSection
	GlobalSection(ProjectConfigurationPlatforms) = postSolution
		{296526FD-DD01-4B18-86F9-313464496943}.Debug|Any CPU.ActiveCfg = Debug|Any CPU
		{296526FD-DD01-4B18-86F9-313464496943}.Debug|Any CPU.Build.0 = Debug|Any CPU
		{296526FD-DD01-4B18-86F9-313464496943}.Release|Any CPU.ActiveCfg = Release|Any CPU
		{296526FD-DD01-4B18-86F9-313464496943}.Release|Any CPU.Build.0 = Release|Any CPU
		{AAF2A94C-C954-4A45-B295-C48E7EF3B181}.Debug|Any CPU.ActiveCfg = Debug|Any CPU
		{AAF2A94C-C954-4A45-B295-C48E7EF3B181}.Debug|Any CPU.Build.0 = Debug|Any CPU
		{AAF2A94C-C954-4A45-B295-C48E7EF3B181}.Release|Any CPU.ActiveCfg = Release|Any CPU
		{AAF2A94C-C954-4A45-B295-C48E7EF3B181}.Release|Any CPU.Build.0 = Release|Any CPU
		{D7BF6472-2ACA-497A-B343-A5F58335E6EC}.Debug|Any CPU.ActiveCfg = Debug|Any CPU
		{D7BF6472-2ACA-497A-B343-A5F58335E6EC}.Debug|Any CPU.Build.0 = Debug|Any CPU
		{D7BF6472-2ACA-497A-B343-A5F58335E6EC}.Release|Any CPU.ActiveCfg = Release|Any CPU
		{D7BF6472-2ACA-497A-B343-A5F58335E6EC}.Release|Any CPU.Build.0 = Release|Any CPU
	EndGlobalSection
	GlobalSection(SolutionProperties) = preSolution
		HideSolutionNode = FALSE
	EndGlobalSection
	GlobalSection(ExtensibilityGlobals) = postSolution
		SolutionGuid = {0649887E-3642-4256-8D7F-8B60DADC44AA}
	EndGlobalSection
EndGlobal
